
Microsoft Visual Studio Solution File, Format Version 12.00
# Visual Studio Version 16
VisualStudioVersion = 16.0.30717.126
MinimumVisualStudioVersion = 10.0.40219.1
Project("{9092AA53-FB77-4645-B42D-1CCCA6BD08BD}") = "uppg201209", "uppg201209.njsproj", "{B6359FF6-39B5-460D-9735-FC6195540E2C}"
EndProject
Global
	GlobalSection(SolutionConfigurationPlatforms) = preSolution
		Debug|Any CPU = Debug|Any CPU
		Release|Any CPU = Release|Any CPU
	EndGlobalSection
	GlobalSection(ProjectConfigurationPlatforms) = postSolution
		{B6359FF6-39B5-460D-9735-FC6195540E2C}.Debug|Any CPU.ActiveCfg = Debug|Any CPU
		{B6359FF6-39B5-460D-9735-FC6195540E2C}.Debug|Any CPU.Build.0 = Debug|Any CPU
		{B6359FF6-39B5-460D-9735-FC6195540E2C}.Release|Any CPU.ActiveCfg = Release|Any CPU
		{B6359FF6-39B5-460D-9735-FC6195540E2C}.Release|Any CPU.Build.0 = Release|Any CPU
	EndGlobalSection
	GlobalSection(SolutionProperties) = preSolution
		HideSolutionNode = FALSE
	EndGlobalSection
	GlobalSection(ExtensibilityGlobals) = postSolution
		SolutionGuid = {D038E1B6-A8DF-416E-ABBA-F0F68AB60C98}
	EndGlobalSection
EndGlobal
